// !$*UTF8*$!
{
	archiveVersion = 1;
	classes = {
	};
	objectVersion = 55;
	objects = {

/* Begin PBXBuildFile section */
		A3320E30290508440078823D /* main.cpp in Sources */ = {isa = PBXBuildFile; fileRef = A3320E2F290508440078823D /* main.cpp */; };
		A3320E382905096C0078823D /* OpenGL.framework in Frameworks */ = {isa = PBXBuildFile; fileRef = A3320E372905096C0078823D /* OpenGL.framework */; };
		A3320E3A29050AE00078823D /* libGLEW.2.2.0.dylib in Frameworks */ = {isa = PBXBuildFile; fileRef = A3320E3929050AE00078823D /* libGLEW.2.2.0.dylib */; };
		A3320E3C29050B220078823D /* libglfw.3.3.dylib in Frameworks */ = {isa = PBXBuildFile; fileRef = A3320E3B29050B220078823D /* libglfw.3.3.dylib */; };
		A342609F292EB8A700ACDE52 /* SquareIsosurface.cpp in Sources */ = {isa = PBXBuildFile; fileRef = A342609D292EB8A700ACDE52 /* SquareIsosurface.cpp */; };
		A346C6332906235D00339D2F /* Canvas.cpp in Sources */ = {isa = PBXBuildFile; fileRef = A346C6312906235D00339D2F /* Canvas.cpp */; };
		A346C63629063EE600339D2F /* Point.cpp in Sources */ = {isa = PBXBuildFile; fileRef = A346C63429063EE600339D2F /* Point.cpp */; };
		A346C639290640E500339D2F /* Triangle.cpp in Sources */ = {isa = PBXBuildFile; fileRef = A346C637290640E500339D2F /* Triangle.cpp */; };
		A346C63C2906432B00339D2F /* Cutpoint.cpp in Sources */ = {isa = PBXBuildFile; fileRef = A346C63A2906432B00339D2F /* Cutpoint.cpp */; };
		A346C63F2906483400339D2F /* Tiling.cpp in Sources */ = {isa = PBXBuildFile; fileRef = A346C63D2906483400339D2F /* Tiling.cpp */; };
		A346C64229064A3300339D2F /* EquilateralTiling.cpp in Sources */ = {isa = PBXBuildFile; fileRef = A346C64029064A3300339D2F /* EquilateralTiling.cpp */; };
		A346C64829088AA100339D2F /* Isosurface.cpp in Sources */ = {isa = PBXBuildFile; fileRef = A346C64629088AA100339D2F /* Isosurface.cpp */; };
		A346C64B29088D0300339D2F /* CircleIsosurface.cpp in Sources */ = {isa = PBXBuildFile; fileRef = A346C64929088D0300339D2F /* CircleIsosurface.cpp */; };
		A346C64E2908BC6800339D2F /* Algorithm.cpp in Sources */ = {isa = PBXBuildFile; fileRef = A346C64C2908BC6800339D2F /* Algorithm.cpp */; };
		A346C6512909A09900339D2F /* Quadtree.cpp in Sources */ = {isa = PBXBuildFile; fileRef = A346C64F2909A09900339D2F /* Quadtree.cpp */; };
		A346C6542910CE8400339D2F /* BarGraph.cpp in Sources */ = {isa = PBXBuildFile; fileRef = A346C6522910CE8400339D2F /* BarGraph.cpp */; };
		A346C65A2910E69E00339D2F /* IsoscelesTiling.cpp in Sources */ = {isa = PBXBuildFile; fileRef = A346C6582910E69E00339D2F /* IsoscelesTiling.cpp */; };
		A346C6602910E84800339D2F /* RectangleIsosurface.cpp in Sources */ = {isa = PBXBuildFile; fileRef = A346C65E2910E84800339D2F /* RectangleIsosurface.cpp */; };
		A346C6632912CE0700339D2F /* QuadtreeTiling.cpp in Sources */ = {isa = PBXBuildFile; fileRef = A346C6612912CE0700339D2F /* QuadtreeTiling.cpp */; };
		A3599AAD292318F500498281 /* QuadtreeNode.cpp in Sources */ = {isa = PBXBuildFile; fileRef = A3599AAB292318F500498281 /* QuadtreeNode.cpp */; };
		A3599AB029243ACA00498281 /* IsoscelesSingleQuadtreeTiling.cpp in Sources */ = {isa = PBXBuildFile; fileRef = A3599AAE29243ACA00498281 /* IsoscelesSingleQuadtreeTiling.cpp */; };
		A3599AB32924441700498281 /* IsoscelesDoubleQuadtreeTiling.cpp in Sources */ = {isa = PBXBuildFile; fileRef = A3599AB12924441700498281 /* IsoscelesDoubleQuadtreeTiling.cpp */; };
		A3599AB62924447100498281 /* EquilateralQuadtreeTiling.cpp in Sources */ = {isa = PBXBuildFile; fileRef = A3599AB42924447100498281 /* EquilateralQuadtreeTiling.cpp */; };
		A3599AB9292481C200498281 /* SquareQuadtree.cpp in Sources */ = {isa = PBXBuildFile; fileRef = A3599AB7292481C200498281 /* SquareQuadtree.cpp */; };
		A3599ABC2924877D00498281 /* ParallelogramQuadtree.cpp in Sources */ = {isa = PBXBuildFile; fileRef = A3599ABA2924877D00498281 /* ParallelogramQuadtree.cpp */; };
		A39B21E8293722D600354A7D /* ProvablyGoodTriangleFactory.cpp in Sources */ = {isa = PBXBuildFile; fileRef = A39B21E6293722D600354A7D /* ProvablyGoodTriangleFactory.cpp */; };
		A39B21EB293731B200354A7D /* ProvablyGoodQuadtreeTiling.cpp in Sources */ = {isa = PBXBuildFile; fileRef = A39B21E9293731B200354A7D /* ProvablyGoodQuadtreeTiling.cpp */; };
/* End PBXBuildFile section */

/* Begin PBXCopyFilesBuildPhase section */
		A3320E2A290508440078823D /* CopyFiles */ = {
			isa = PBXCopyFilesBuildPhase;
			buildActionMask = 2147483647;
			dstPath = /usr/share/man/man1/;
			dstSubfolderSpec = 0;
			files = (
			);
			runOnlyForDeploymentPostprocessing = 1;
		};
/* End PBXCopyFilesBuildPhase section */

/* Begin PBXFileReference section */
		A3320E2C290508440078823D /* isosurface_stuffing */ = {isa = PBXFileReference; explicitFileType = "compiled.mach-o.executable"; includeInIndex = 0; path = isosurface_stuffing; sourceTree = BUILT_PRODUCTS_DIR; };
		A3320E2F290508440078823D /* main.cpp */ = {isa = PBXFileReference; lastKnownFileType = sourcecode.cpp.cpp; path = main.cpp; sourceTree = "<group>"; };
		A3320E372905096C0078823D /* OpenGL.framework */ = {isa = PBXFileReference; lastKnownFileType = wrapper.framework; name = OpenGL.framework; path = System/Library/Frameworks/OpenGL.framework; sourceTree = SDKROOT; };
		A3320E3929050AE00078823D /* libGLEW.2.2.0.dylib */ = {isa = PBXFileReference; lastKnownFileType = "compiled.mach-o.dylib"; name = libGLEW.2.2.0.dylib; path = ../../../../../opt/homebrew/Cellar/glew/2.2.0_1/lib/libGLEW.2.2.0.dylib; sourceTree = "<group>"; };
		A3320E3B29050B220078823D /* libglfw.3.3.dylib */ = {isa = PBXFileReference; lastKnownFileType = "compiled.mach-o.dylib"; name = libglfw.3.3.dylib; path = ../../../../../opt/homebrew/Cellar/glfw/3.3.8/lib/libglfw.3.3.dylib; sourceTree = "<group>"; };
		A342609D292EB8A700ACDE52 /* SquareIsosurface.cpp */ = {isa = PBXFileReference; lastKnownFileType = sourcecode.cpp.cpp; path = SquareIsosurface.cpp; sourceTree = "<group>"; };
		A342609E292EB8A700ACDE52 /* SquareIsosurface.hpp */ = {isa = PBXFileReference; lastKnownFileType = sourcecode.cpp.h; path = SquareIsosurface.hpp; sourceTree = "<group>"; };
		A346C6312906235D00339D2F /* Canvas.cpp */ = {isa = PBXFileReference; lastKnownFileType = sourcecode.cpp.cpp; path = Canvas.cpp; sourceTree = "<group>"; };
		A346C6322906235D00339D2F /* Canvas.hpp */ = {isa = PBXFileReference; lastKnownFileType = sourcecode.cpp.h; path = Canvas.hpp; sourceTree = "<group>"; };
		A346C63429063EE600339D2F /* Point.cpp */ = {isa = PBXFileReference; lastKnownFileType = sourcecode.cpp.cpp; path = Point.cpp; sourceTree = "<group>"; };
		A346C63529063EE600339D2F /* Point.hpp */ = {isa = PBXFileReference; lastKnownFileType = sourcecode.cpp.h; path = Point.hpp; sourceTree = "<group>"; };
		A346C637290640E500339D2F /* Triangle.cpp */ = {isa = PBXFileReference; lastKnownFileType = sourcecode.cpp.cpp; path = Triangle.cpp; sourceTree = "<group>"; };
		A346C638290640E500339D2F /* Triangle.hpp */ = {isa = PBXFileReference; lastKnownFileType = sourcecode.cpp.h; path = Triangle.hpp; sourceTree = "<group>"; };
		A346C63A2906432B00339D2F /* Cutpoint.cpp */ = {isa = PBXFileReference; lastKnownFileType = sourcecode.cpp.cpp; path = Cutpoint.cpp; sourceTree = "<group>"; };
		A346C63B2906432B00339D2F /* Cutpoint.hpp */ = {isa = PBXFileReference; lastKnownFileType = sourcecode.cpp.h; path = Cutpoint.hpp; sourceTree = "<group>"; };
		A346C63D2906483400339D2F /* Tiling.cpp */ = {isa = PBXFileReference; lastKnownFileType = sourcecode.cpp.cpp; path = Tiling.cpp; sourceTree = "<group>"; };
		A346C63E2906483400339D2F /* Tiling.hpp */ = {isa = PBXFileReference; lastKnownFileType = sourcecode.cpp.h; path = Tiling.hpp; sourceTree = "<group>"; };
		A346C64029064A3300339D2F /* EquilateralTiling.cpp */ = {isa = PBXFileReference; lastKnownFileType = sourcecode.cpp.cpp; path = EquilateralTiling.cpp; sourceTree = "<group>"; };
		A346C64129064A3300339D2F /* EquilateralTiling.hpp */ = {isa = PBXFileReference; lastKnownFileType = sourcecode.cpp.h; path = EquilateralTiling.hpp; sourceTree = "<group>"; };
		A346C64629088AA100339D2F /* Isosurface.cpp */ = {isa = PBXFileReference; lastKnownFileType = sourcecode.cpp.cpp; path = Isosurface.cpp; sourceTree = "<group>"; };
		A346C64729088AA100339D2F /* Isosurface.hpp */ = {isa = PBXFileReference; lastKnownFileType = sourcecode.cpp.h; path = Isosurface.hpp; sourceTree = "<group>"; };
		A346C64929088D0300339D2F /* CircleIsosurface.cpp */ = {isa = PBXFileReference; lastKnownFileType = sourcecode.cpp.cpp; path = CircleIsosurface.cpp; sourceTree = "<group>"; };
		A346C64A29088D0300339D2F /* CircleIsosurface.hpp */ = {isa = PBXFileReference; lastKnownFileType = sourcecode.cpp.h; path = CircleIsosurface.hpp; sourceTree = "<group>"; };
		A346C64C2908BC6800339D2F /* Algorithm.cpp */ = {isa = PBXFileReference; lastKnownFileType = sourcecode.cpp.cpp; path = Algorithm.cpp; sourceTree = "<group>"; };
		A346C64D2908BC6800339D2F /* Algorithm.hpp */ = {isa = PBXFileReference; lastKnownFileType = sourcecode.cpp.h; path = Algorithm.hpp; sourceTree = "<group>"; };
		A346C64F2909A09900339D2F /* Quadtree.cpp */ = {isa = PBXFileReference; lastKnownFileType = sourcecode.cpp.cpp; path = Quadtree.cpp; sourceTree = "<group>"; };
		A346C6502909A09900339D2F /* Quadtree.hpp */ = {isa = PBXFileReference; lastKnownFileType = sourcecode.cpp.h; path = Quadtree.hpp; sourceTree = "<group>"; };
		A346C6522910CE8400339D2F /* BarGraph.cpp */ = {isa = PBXFileReference; lastKnownFileType = sourcecode.cpp.cpp; path = BarGraph.cpp; sourceTree = "<group>"; };
		A346C6532910CE8400339D2F /* BarGraph.hpp */ = {isa = PBXFileReference; lastKnownFileType = sourcecode.cpp.h; path = BarGraph.hpp; sourceTree = "<group>"; };
		A346C6582910E69E00339D2F /* IsoscelesTiling.cpp */ = {isa = PBXFileReference; lastKnownFileType = sourcecode.cpp.cpp; path = IsoscelesTiling.cpp; sourceTree = "<group>"; };
		A346C6592910E69E00339D2F /* IsoscelesTiling.hpp */ = {isa = PBXFileReference; lastKnownFileType = sourcecode.cpp.h; path = IsoscelesTiling.hpp; sourceTree = "<group>"; };
		A346C65E2910E84800339D2F /* RectangleIsosurface.cpp */ = {isa = PBXFileReference; lastKnownFileType = sourcecode.cpp.cpp; path = RectangleIsosurface.cpp; sourceTree = "<group>"; };
		A346C65F2910E84800339D2F /* RectangleIsosurface.hpp */ = {isa = PBXFileReference; lastKnownFileType = sourcecode.cpp.h; path = RectangleIsosurface.hpp; sourceTree = "<group>"; };
		A346C6612912CE0700339D2F /* QuadtreeTiling.cpp */ = {isa = PBXFileReference; lastKnownFileType = sourcecode.cpp.cpp; path = QuadtreeTiling.cpp; sourceTree = "<group>"; };
		A346C6622912CE0700339D2F /* QuadtreeTiling.hpp */ = {isa = PBXFileReference; lastKnownFileType = sourcecode.cpp.h; path = QuadtreeTiling.hpp; sourceTree = "<group>"; };
		A3599AAB292318F500498281 /* QuadtreeNode.cpp */ = {isa = PBXFileReference; lastKnownFileType = sourcecode.cpp.cpp; path = QuadtreeNode.cpp; sourceTree = "<group>"; };
		A3599AAC292318F500498281 /* QuadtreeNode.hpp */ = {isa = PBXFileReference; lastKnownFileType = sourcecode.cpp.h; path = QuadtreeNode.hpp; sourceTree = "<group>"; };
		A3599AAE29243ACA00498281 /* IsoscelesSingleQuadtreeTiling.cpp */ = {isa = PBXFileReference; lastKnownFileType = sourcecode.cpp.cpp; path = IsoscelesSingleQuadtreeTiling.cpp; sourceTree = "<group>"; };
		A3599AAF29243ACA00498281 /* IsoscelesSingleQuadtreeTiling.hpp */ = {isa = PBXFileReference; lastKnownFileType = sourcecode.cpp.h; path = IsoscelesSingleQuadtreeTiling.hpp; sourceTree = "<group>"; };
		A3599AB12924441700498281 /* IsoscelesDoubleQuadtreeTiling.cpp */ = {isa = PBXFileReference; lastKnownFileType = sourcecode.cpp.cpp; path = IsoscelesDoubleQuadtreeTiling.cpp; sourceTree = "<group>"; };
		A3599AB22924441700498281 /* IsoscelesDoubleQuadtreeTiling.hpp */ = {isa = PBXFileReference; lastKnownFileType = sourcecode.cpp.h; path = IsoscelesDoubleQuadtreeTiling.hpp; sourceTree = "<group>"; };
		A3599AB42924447100498281 /* EquilateralQuadtreeTiling.cpp */ = {isa = PBXFileReference; lastKnownFileType = sourcecode.cpp.cpp; path = EquilateralQuadtreeTiling.cpp; sourceTree = "<group>"; };
		A3599AB52924447100498281 /* EquilateralQuadtreeTiling.hpp */ = {isa = PBXFileReference; lastKnownFileType = sourcecode.cpp.h; path = EquilateralQuadtreeTiling.hpp; sourceTree = "<group>"; };
		A3599AB7292481C200498281 /* SquareQuadtree.cpp */ = {isa = PBXFileReference; lastKnownFileType = sourcecode.cpp.cpp; path = SquareQuadtree.cpp; sourceTree = "<group>"; };
		A3599AB8292481C200498281 /* SquareQuadtree.hpp */ = {isa = PBXFileReference; lastKnownFileType = sourcecode.cpp.h; path = SquareQuadtree.hpp; sourceTree = "<group>"; };
		A3599ABA2924877D00498281 /* ParallelogramQuadtree.cpp */ = {isa = PBXFileReference; lastKnownFileType = sourcecode.cpp.cpp; path = ParallelogramQuadtree.cpp; sourceTree = "<group>"; };
		A3599ABB2924877D00498281 /* ParallelogramQuadtree.hpp */ = {isa = PBXFileReference; lastKnownFileType = sourcecode.cpp.h; path = ParallelogramQuadtree.hpp; sourceTree = "<group>"; };
		A39B21E6293722D600354A7D /* ProvablyGoodTriangleFactory.cpp */ = {isa = PBXFileReference; lastKnownFileType = sourcecode.cpp.cpp; path = ProvablyGoodTriangleFactory.cpp; sourceTree = "<group>"; };
		A39B21E7293722D600354A7D /* ProvablyGoodTriangleFactory.hpp */ = {isa = PBXFileReference; lastKnownFileType = sourcecode.cpp.h; path = ProvablyGoodTriangleFactory.hpp; sourceTree = "<group>"; };
		A39B21E9293731B200354A7D /* ProvablyGoodQuadtreeTiling.cpp */ = {isa = PBXFileReference; lastKnownFileType = sourcecode.cpp.cpp; path = ProvablyGoodQuadtreeTiling.cpp; sourceTree = "<group>"; };
		A39B21EA293731B200354A7D /* ProvablyGoodQuadtreeTiling.hpp */ = {isa = PBXFileReference; lastKnownFileType = sourcecode.cpp.h; path = ProvablyGoodQuadtreeTiling.hpp; sourceTree = "<group>"; };
/* End PBXFileReference section */

/* Begin PBXFrameworksBuildPhase section */
		A3320E29290508440078823D /* Frameworks */ = {
			isa = PBXFrameworksBuildPhase;
			buildActionMask = 2147483647;
			files = (
				A3320E3C29050B220078823D /* libglfw.3.3.dylib in Frameworks */,
				A3320E3A29050AE00078823D /* libGLEW.2.2.0.dylib in Frameworks */,
				A3320E382905096C0078823D /* OpenGL.framework in Frameworks */,
			);
			runOnlyForDeploymentPostprocessing = 0;
		};
/* End PBXFrameworksBuildPhase section */

/* Begin PBXGroup section */
		A3320E23290508440078823D = {
			isa = PBXGroup;
			children = (
				A3320E2E290508440078823D /* isosurface_stuffing */,
				A3320E2D290508440078823D /* Products */,
				A3320E362905096C0078823D /* Frameworks */,
			);
			sourceTree = "<group>";
		};
		A3320E2D290508440078823D /* Products */ = {
			isa = PBXGroup;
			children = (
				A3320E2C290508440078823D /* isosurface_stuffing */,
			);
			name = Products;
			sourceTree = "<group>";
		};
		A3320E2E290508440078823D /* isosurface_stuffing */ = {
			isa = PBXGroup;
			children = (
				A3320E2F290508440078823D /* main.cpp */,
				A346C6592910E69E00339D2F /* IsoscelesTiling.hpp */,
				A346C6582910E69E00339D2F /* IsoscelesTiling.cpp */,
				A346C64129064A3300339D2F /* EquilateralTiling.hpp */,
				A346C64029064A3300339D2F /* EquilateralTiling.cpp */,
				A346C63E2906483400339D2F /* Tiling.hpp */,
				A346C63D2906483400339D2F /* Tiling.cpp */,
				A346C6622912CE0700339D2F /* QuadtreeTiling.hpp */,
				A346C6612912CE0700339D2F /* QuadtreeTiling.cpp */,
				A3599AAF29243ACA00498281 /* IsoscelesSingleQuadtreeTiling.hpp */,
				A3599AAE29243ACA00498281 /* IsoscelesSingleQuadtreeTiling.cpp */,
				A3599AB22924441700498281 /* IsoscelesDoubleQuadtreeTiling.hpp */,
				A3599AB12924441700498281 /* IsoscelesDoubleQuadtreeTiling.cpp */,
				A39B21EA293731B200354A7D /* ProvablyGoodQuadtreeTiling.hpp */,
				A39B21E9293731B200354A7D /* ProvablyGoodQuadtreeTiling.cpp */,
				A3599AB52924447100498281 /* EquilateralQuadtreeTiling.hpp */,
				A3599AB42924447100498281 /* EquilateralQuadtreeTiling.cpp */,
				A39B21E7293722D600354A7D /* ProvablyGoodTriangleFactory.hpp */,
				A39B21E6293722D600354A7D /* ProvablyGoodTriangleFactory.cpp */,
				A346C64D2908BC6800339D2F /* Algorithm.hpp */,
				A346C64C2908BC6800339D2F /* Algorithm.cpp */,
				A346C6502909A09900339D2F /* Quadtree.hpp */,
				A346C64F2909A09900339D2F /* Quadtree.cpp */,
				A3599AB8292481C200498281 /* SquareQuadtree.hpp */,
				A3599AB7292481C200498281 /* SquareQuadtree.cpp */,
				A3599ABB2924877D00498281 /* ParallelogramQuadtree.hpp */,
				A3599ABA2924877D00498281 /* ParallelogramQuadtree.cpp */,
				A3599AAC292318F500498281 /* QuadtreeNode.hpp */,
				A3599AAB292318F500498281 /* QuadtreeNode.cpp */,
				A346C6532910CE8400339D2F /* BarGraph.hpp */,
				A346C6522910CE8400339D2F /* BarGraph.cpp */,
				A346C65F2910E84800339D2F /* RectangleIsosurface.hpp */,
				A346C65E2910E84800339D2F /* RectangleIsosurface.cpp */,
				A346C64A29088D0300339D2F /* CircleIsosurface.hpp */,
				A346C64929088D0300339D2F /* CircleIsosurface.cpp */,
				A342609D292EB8A700ACDE52 /* SquareIsosurface.cpp */,
				A342609E292EB8A700ACDE52 /* SquareIsosurface.hpp */,
				A346C63B2906432B00339D2F /* Cutpoint.hpp */,
				A346C63A2906432B00339D2F /* Cutpoint.cpp */,
				A346C638290640E500339D2F /* Triangle.hpp */,
				A346C637290640E500339D2F /* Triangle.cpp */,
				A346C63529063EE600339D2F /* Point.hpp */,
				A346C63429063EE600339D2F /* Point.cpp */,
				A346C6322906235D00339D2F /* Canvas.hpp */,
				A346C6312906235D00339D2F /* Canvas.cpp */,
				A346C64729088AA100339D2F /* Isosurface.hpp */,
				A346C64629088AA100339D2F /* Isosurface.cpp */,
			);
			path = isosurface_stuffing;
			sourceTree = "<group>";
		};
		A3320E362905096C0078823D /* Frameworks */ = {
			isa = PBXGroup;
			children = (
				A3320E3B29050B220078823D /* libglfw.3.3.dylib */,
				A3320E3929050AE00078823D /* libGLEW.2.2.0.dylib */,
				A3320E372905096C0078823D /* OpenGL.framework */,
			);
			name = Frameworks;
			sourceTree = "<group>";
		};
/* End PBXGroup section */

/* Begin PBXNativeTarget section */
		A3320E2B290508440078823D /* isosurface_stuffing */ = {
			isa = PBXNativeTarget;
			buildConfigurationList = A3320E33290508440078823D /* Build configuration list for PBXNativeTarget "isosurface_stuffing" */;
			buildPhases = (
				A3320E28290508440078823D /* Sources */,
				A3320E29290508440078823D /* Frameworks */,
				A3320E2A290508440078823D /* CopyFiles */,
			);
			buildRules = (
			);
			dependencies = (
			);
			name = isosurface_stuffing;
			productName = isosurface_stuffing;
			productReference = A3320E2C290508440078823D /* isosurface_stuffing */;
			productType = "com.apple.product-type.tool";
		};
/* End PBXNativeTarget section */

/* Begin PBXProject section */
		A3320E24290508440078823D /* Project object */ = {
			isa = PBXProject;
			attributes = {
				BuildIndependentTargetsInParallel = 1;
				LastUpgradeCheck = 1340;
				TargetAttributes = {
					A3320E2B290508440078823D = {
						CreatedOnToolsVersion = 13.4.1;
					};
				};
			};
			buildConfigurationList = A3320E27290508440078823D /* Build configuration list for PBXProject "isosurface_stuffing" */;
			compatibilityVersion = "Xcode 13.0";
			developmentRegion = en;
			hasScannedForEncodings = 0;
			knownRegions = (
				en,
				Base,
			);
			mainGroup = A3320E23290508440078823D;
			productRefGroup = A3320E2D290508440078823D /* Products */;
			projectDirPath = "";
			projectRoot = "";
			targets = (
				A3320E2B290508440078823D /* isosurface_stuffing */,
			);
		};
/* End PBXProject section */

/* Begin PBXSourcesBuildPhase section */
		A3320E28290508440078823D /* Sources */ = {
			isa = PBXSourcesBuildPhase;
			buildActionMask = 2147483647;
			files = (
				A346C6602910E84800339D2F /* RectangleIsosurface.cpp in Sources */,
				A39B21EB293731B200354A7D /* ProvablyGoodQuadtreeTiling.cpp in Sources */,
				A346C6512909A09900339D2F /* Quadtree.cpp in Sources */,
				A3599ABC2924877D00498281 /* ParallelogramQuadtree.cpp in Sources */,
				A342609F292EB8A700ACDE52 /* SquareIsosurface.cpp in Sources */,
				A3599AAD292318F500498281 /* QuadtreeNode.cpp in Sources */,
				A346C64B29088D0300339D2F /* CircleIsosurface.cpp in Sources */,
				A39B21E8293722D600354A7D /* ProvablyGoodTriangleFactory.cpp in Sources */,
				A346C63629063EE600339D2F /* Point.cpp in Sources */,
				A3599AB32924441700498281 /* IsoscelesDoubleQuadtreeTiling.cpp in Sources */,
				A3320E30290508440078823D /* main.cpp in Sources */,
				A3599AB9292481C200498281 /* SquareQuadtree.cpp in Sources */,
				A346C6542910CE8400339D2F /* BarGraph.cpp in Sources */,
				A346C63F2906483400339D2F /* Tiling.cpp in Sources */,
				A346C64829088AA100339D2F /* Isosurface.cpp in Sources */,
				A3599AB029243ACA00498281 /* IsoscelesSingleQuadtreeTiling.cpp in Sources */,
				A346C64E2908BC6800339D2F /* Algorithm.cpp in Sources */,
				A346C6332906235D00339D2F /* Canvas.cpp in Sources */,
				A346C65A2910E69E00339D2F /* IsoscelesTiling.cpp in Sources */,
				A346C64229064A3300339D2F /* EquilateralTiling.cpp in Sources */,
				A346C639290640E500339D2F /* Triangle.cpp in Sources */,
				A346C6632912CE0700339D2F /* QuadtreeTiling.cpp in Sources */,
				A346C63C2906432B00339D2F /* Cutpoint.cpp in Sources */,
				A3599AB62924447100498281 /* EquilateralQuadtreeTiling.cpp in Sources */,
			);
			runOnlyForDeploymentPostprocessing = 0;
		};
/* End PBXSourcesBuildPhase section */

/* Begin XCBuildConfiguration section */
		A3320E31290508440078823D /* Debug */ = {
			isa = XCBuildConfiguration;
			buildSettings = {
				ALWAYS_SEARCH_USER_PATHS = NO;
				CLANG_ANALYZER_NONNULL = YES;
				CLANG_ANALYZER_NUMBER_OBJECT_CONVERSION = YES_AGGRESSIVE;
				CLANG_CXX_LANGUAGE_STANDARD = "gnu++17";
				CLANG_ENABLE_MODULES = YES;
				CLANG_ENABLE_OBJC_ARC = YES;
				CLANG_ENABLE_OBJC_WEAK = YES;
				CLANG_WARN_BLOCK_CAPTURE_AUTORELEASING = YES;
				CLANG_WARN_BOOL_CONVERSION = YES;
				CLANG_WARN_COMMA = YES;
				CLANG_WARN_CONSTANT_CONVERSION = YES;
				CLANG_WARN_DEPRECATED_OBJC_IMPLEMENTATIONS = YES;
				CLANG_WARN_DIRECT_OBJC_ISA_USAGE = YES_ERROR;
				CLANG_WARN_DOCUMENTATION_COMMENTS = YES;
				CLANG_WARN_EMPTY_BODY = YES;
				CLANG_WARN_ENUM_CONVERSION = YES;
				CLANG_WARN_INFINITE_RECURSION = YES;
				CLANG_WARN_INT_CONVERSION = YES;
				CLANG_WARN_NON_LITERAL_NULL_CONVERSION = YES;
				CLANG_WARN_OBJC_IMPLICIT_RETAIN_SELF = YES;
				CLANG_WARN_OBJC_LITERAL_CONVERSION = YES;
				CLANG_WARN_OBJC_ROOT_CLASS = YES_ERROR;
				CLANG_WARN_QUOTED_INCLUDE_IN_FRAMEWORK_HEADER = YES;
				CLANG_WARN_RANGE_LOOP_ANALYSIS = YES;
				CLANG_WARN_STRICT_PROTOTYPES = YES;
				CLANG_WARN_SUSPICIOUS_MOVE = YES;
				CLANG_WARN_UNGUARDED_AVAILABILITY = YES_AGGRESSIVE;
				CLANG_WARN_UNREACHABLE_CODE = YES;
				CLANG_WARN__DUPLICATE_METHOD_MATCH = YES;
				COPY_PHASE_STRIP = NO;
				DEBUG_INFORMATION_FORMAT = dwarf;
				ENABLE_STRICT_OBJC_MSGSEND = YES;
				ENABLE_TESTABILITY = YES;
				GCC_C_LANGUAGE_STANDARD = gnu11;
				GCC_DYNAMIC_NO_PIC = NO;
				GCC_NO_COMMON_BLOCKS = YES;
				GCC_OPTIMIZATION_LEVEL = 0;
				GCC_PREPROCESSOR_DEFINITIONS = (
					"DEBUG=1",
					"$(inherited)",
				);
				GCC_WARN_64_TO_32_BIT_CONVERSION = YES;
				GCC_WARN_ABOUT_RETURN_TYPE = YES_ERROR;
				GCC_WARN_UNDECLARED_SELECTOR = YES;
				GCC_WARN_UNINITIALIZED_AUTOS = YES_AGGRESSIVE;
				GCC_WARN_UNUSED_FUNCTION = YES;
				GCC_WARN_UNUSED_VARIABLE = YES;
				"HEADER_SEARCH_PATHS[arch=*]" = /usr/local/include;
				MACOSX_DEPLOYMENT_TARGET = 12.2;
				MTL_ENABLE_DEBUG_INFO = INCLUDE_SOURCE;
				MTL_FAST_MATH = YES;
				ONLY_ACTIVE_ARCH = YES;
				SDKROOT = macosx;
			};
			name = Debug;
		};
		A3320E32290508440078823D /* Release */ = {
			isa = XCBuildConfiguration;
			buildSettings = {
				ALWAYS_SEARCH_USER_PATHS = NO;
				CLANG_ANALYZER_NONNULL = YES;
				CLANG_ANALYZER_NUMBER_OBJECT_CONVERSION = YES_AGGRESSIVE;
				CLANG_CXX_LANGUAGE_STANDARD = "gnu++17";
				CLANG_ENABLE_MODULES = YES;
				CLANG_ENABLE_OBJC_ARC = YES;
				CLANG_ENABLE_OBJC_WEAK = YES;
				CLANG_WARN_BLOCK_CAPTURE_AUTORELEASING = YES;
				CLANG_WARN_BOOL_CONVERSION = YES;
				CLANG_WARN_COMMA = YES;
				CLANG_WARN_CONSTANT_CONVERSION = YES;
				CLANG_WARN_DEPRECATED_OBJC_IMPLEMENTATIONS = YES;
				CLANG_WARN_DIRECT_OBJC_ISA_USAGE = YES_ERROR;
				CLANG_WARN_DOCUMENTATION_COMMENTS = YES;
				CLANG_WARN_EMPTY_BODY = YES;
				CLANG_WARN_ENUM_CONVERSION = YES;
				CLANG_WARN_INFINITE_RECURSION = YES;
				CLANG_WARN_INT_CONVERSION = YES;
				CLANG_WARN_NON_LITERAL_NULL_CONVERSION = YES;
				CLANG_WARN_OBJC_IMPLICIT_RETAIN_SELF = YES;
				CLANG_WARN_OBJC_LITERAL_CONVERSION = YES;
				CLANG_WARN_OBJC_ROOT_CLASS = YES_ERROR;
				CLANG_WARN_QUOTED_INCLUDE_IN_FRAMEWORK_HEADER = YES;
				CLANG_WARN_RANGE_LOOP_ANALYSIS = YES;
				CLANG_WARN_STRICT_PROTOTYPES = YES;
				CLANG_WARN_SUSPICIOUS_MOVE = YES;
				CLANG_WARN_UNGUARDED_AVAILABILITY = YES_AGGRESSIVE;
				CLANG_WARN_UNREACHABLE_CODE = YES;
				CLANG_WARN__DUPLICATE_METHOD_MATCH = YES;
				COPY_PHASE_STRIP = NO;
				DEBUG_INFORMATION_FORMAT = "dwarf-with-dsym";
				ENABLE_NS_ASSERTIONS = NO;
				ENABLE_STRICT_OBJC_MSGSEND = YES;
				GCC_C_LANGUAGE_STANDARD = gnu11;
				GCC_NO_COMMON_BLOCKS = YES;
				GCC_WARN_64_TO_32_BIT_CONVERSION = YES;
				GCC_WARN_ABOUT_RETURN_TYPE = YES_ERROR;
				GCC_WARN_UNDECLARED_SELECTOR = YES;
				GCC_WARN_UNINITIALIZED_AUTOS = YES_AGGRESSIVE;
				GCC_WARN_UNUSED_FUNCTION = YES;
				GCC_WARN_UNUSED_VARIABLE = YES;
				MACOSX_DEPLOYMENT_TARGET = 12.2;
				MTL_ENABLE_DEBUG_INFO = NO;
				MTL_FAST_MATH = YES;
				SDKROOT = macosx;
			};
			name = Release;
		};
		A3320E34290508440078823D /* Debug */ = {
			isa = XCBuildConfiguration;
			buildSettings = {
				CODE_SIGN_STYLE = Automatic;
				GCC_NO_COMMON_BLOCKS = YES;
				"HEADER_SEARCH_PATHS[arch=*]" = (
					/opt/homebrew/Cellar/glfw/3.3.8/include,
					/opt/homebrew/Cellar/glew/2.2.0_1/include,
				);
				LIBRARY_SEARCH_PATHS = (
					"$(inherited)",
					/opt/homebrew/Cellar/glew/2.2.0_1/lib,
					/opt/homebrew/Cellar/glfw/3.3.8/lib,
				);
				PRODUCT_NAME = "$(TARGET_NAME)";
			};
			name = Debug;
		};
		A3320E35290508440078823D /* Release */ = {
			isa = XCBuildConfiguration;
			buildSettings = {
				CODE_SIGN_STYLE = Automatic;
				GCC_NO_COMMON_BLOCKS = YES;
				LIBRARY_SEARCH_PATHS = (
					"$(inherited)",
					/opt/homebrew/Cellar/glew/2.2.0_1/lib,
					/opt/homebrew/Cellar/glfw/3.3.8/lib,
				);
				PRODUCT_NAME = "$(TARGET_NAME)";
			};
			name = Release;
		};
/* End XCBuildConfiguration section */

/* Begin XCConfigurationList section */
		A3320E27290508440078823D /* Build configuration list for PBXProject "isosurface_stuffing" */ = {
			isa = XCConfigurationList;
			buildConfigurations = (
				A3320E31290508440078823D /* Debug */,
				A3320E32290508440078823D /* Release */,
			);
			defaultConfigurationIsVisible = 0;
			defaultConfigurationName = Release;
		};
		A3320E33290508440078823D /* Build configuration list for PBXNativeTarget "isosurface_stuffing" */ = {
			isa = XCConfigurationList;
			buildConfigurations = (
				A3320E34290508440078823D /* Debug */,
				A3320E35290508440078823D /* Release */,
			);
			defaultConfigurationIsVisible = 0;
			defaultConfigurationName = Release;
		};
/* End XCConfigurationList section */
	};
	rootObject = A3320E24290508440078823D /* Project object */;
}
