// !$*UTF8*$!
{
	archiveVersion = 1;
	classes = {
	};
	objectVersion = 55;
	objects = {

/* Begin PBXBuildFile section */
		A3320E30290508440078823D /* main.cpp in Sources */ = {isa = PBXBuildFile; fileRef = A3320E2F290508440078823D /* main.cpp */; };
		A3320E382905096C0078823D /* OpenGL.framework in Frameworks */ = {isa = PBXBuildFile; fileRef = A3320E372905096C0078823D /* OpenGL.framework */; };
		A3320E3A29050AE00078823D /* libGLEW.2.2.0.dylib in Frameworks */ = {isa = PBXBuildFile; fileRef = A3320E3929050AE00078823D /* libGLEW.2.2.0.dylib */; };
		A3320E3C29050B220078823D /* libglfw.3.3.dylib in Frameworks */ = {isa = PBXBuildFile; fileRef = A3320E3B29050B220078823D /* libglfw.3.3.dylib */; };
		A346C6332906235D00339D2F /* Canvas.cpp in Sources */ = {isa = PBXBuildFile; fileRef = A346C6312906235D00339D2F /* Canvas.cpp */; };
		A346C63629063EE600339D2F /* Point.cpp in Sources */ = {isa = PBXBuildFile; fileRef = A346C63429063EE600339D2F /* Point.cpp */; };
		A346C639290640E500339D2F /* Triangle.cpp in Sources */ = {isa = PBXBuildFile; fileRef = A346C637290640E500339D2F /* Triangle.cpp */; };
		A346C63C2906432B00339D2F /* Cutpoint.cpp in Sources */ = {isa = PBXBuildFile; fileRef = A346C63A2906432B00339D2F /* Cutpoint.cpp */; };
		A346C63F2906483400339D2F /* Tiling.cpp in Sources */ = {isa = PBXBuildFile; fileRef = A346C63D2906483400339D2F /* Tiling.cpp */; };
		A346C64229064A3300339D2F /* EquilateralTiling.cpp in Sources */ = {isa = PBXBuildFile; fileRef = A346C64029064A3300339D2F /* EquilateralTiling.cpp */; };
		A346C64829088AA100339D2F /* Isosurface.cpp in Sources */ = {isa = PBXBuildFile; fileRef = A346C64629088AA100339D2F /* Isosurface.cpp */; };
		A346C64B29088D0300339D2F /* CircleIsosurface.cpp in Sources */ = {isa = PBXBuildFile; fileRef = A346C64929088D0300339D2F /* CircleIsosurface.cpp */; };
		A346C64E2908BC6800339D2F /* Algorithm.cpp in Sources */ = {isa = PBXBuildFile; fileRef = A346C64C2908BC6800339D2F /* Algorithm.cpp */; };
/* End PBXBuildFile section */

/* Begin PBXCopyFilesBuildPhase section */
		A3320E2A290508440078823D /* CopyFiles */ = {
			isa = PBXCopyFilesBuildPhase;
			buildActionMask = 2147483647;
			dstPath = /usr/share/man/man1/;
			dstSubfolderSpec = 0;
			files = (
			);
			runOnlyForDeploymentPostprocessing = 1;
		};
/* End PBXCopyFilesBuildPhase section */

/* Begin PBXFileReference section */
		A3320E2C290508440078823D /* isosurface_stuffing */ = {isa = PBXFileReference; explicitFileType = "compiled.mach-o.executable"; includeInIndex = 0; path = isosurface_stuffing; sourceTree = BUILT_PRODUCTS_DIR; };
		A3320E2F290508440078823D /* main.cpp */ = {isa = PBXFileReference; lastKnownFileType = sourcecode.cpp.cpp; path = main.cpp; sourceTree = "<group>"; };
		A3320E372905096C0078823D /* OpenGL.framework */ = {isa = PBXFileReference; lastKnownFileType = wrapper.framework; name = OpenGL.framework; path = System/Library/Frameworks/OpenGL.framework; sourceTree = SDKROOT; };
		A3320E3929050AE00078823D /* libGLEW.2.2.0.dylib */ = {isa = PBXFileReference; lastKnownFileType = "compiled.mach-o.dylib"; name = libGLEW.2.2.0.dylib; path = ../../../../../opt/homebrew/Cellar/glew/2.2.0_1/lib/libGLEW.2.2.0.dylib; sourceTree = "<group>"; };
		A3320E3B29050B220078823D /* libglfw.3.3.dylib */ = {isa = PBXFileReference; lastKnownFileType = "compiled.mach-o.dylib"; name = libglfw.3.3.dylib; path = ../../../../../opt/homebrew/Cellar/glfw/3.3.8/lib/libglfw.3.3.dylib; sourceTree = "<group>"; };
		A346C6312906235D00339D2F /* Canvas.cpp */ = {isa = PBXFileReference; lastKnownFileType = sourcecode.cpp.cpp; path = Canvas.cpp; sourceTree = "<group>"; };
		A346C6322906235D00339D2F /* Canvas.hpp */ = {isa = PBXFileReference; lastKnownFileType = sourcecode.cpp.h; path = Canvas.hpp; sourceTree = "<group>"; };
		A346C63429063EE600339D2F /* Point.cpp */ = {isa = PBXFileReference; lastKnownFileType = sourcecode.cpp.cpp; path = Point.cpp; sourceTree = "<group>"; };
		A346C63529063EE600339D2F /* Point.hpp */ = {isa = PBXFileReference; lastKnownFileType = sourcecode.cpp.h; path = Point.hpp; sourceTree = "<group>"; };
		A346C637290640E500339D2F /* Triangle.cpp */ = {isa = PBXFileReference; lastKnownFileType = sourcecode.cpp.cpp; path = Triangle.cpp; sourceTree = "<group>"; };
		A346C638290640E500339D2F /* Triangle.hpp */ = {isa = PBXFileReference; lastKnownFileType = sourcecode.cpp.h; path = Triangle.hpp; sourceTree = "<group>"; };
		A346C63A2906432B00339D2F /* Cutpoint.cpp */ = {isa = PBXFileReference; lastKnownFileType = sourcecode.cpp.cpp; path = Cutpoint.cpp; sourceTree = "<group>"; };
		A346C63B2906432B00339D2F /* Cutpoint.hpp */ = {isa = PBXFileReference; lastKnownFileType = sourcecode.cpp.h; path = Cutpoint.hpp; sourceTree = "<group>"; };
		A346C63D2906483400339D2F /* Tiling.cpp */ = {isa = PBXFileReference; lastKnownFileType = sourcecode.cpp.cpp; path = Tiling.cpp; sourceTree = "<group>"; };
		A346C63E2906483400339D2F /* Tiling.hpp */ = {isa = PBXFileReference; lastKnownFileType = sourcecode.cpp.h; path = Tiling.hpp; sourceTree = "<group>"; };
		A346C64029064A3300339D2F /* EquilateralTiling.cpp */ = {isa = PBXFileReference; lastKnownFileType = sourcecode.cpp.cpp; path = EquilateralTiling.cpp; sourceTree = "<group>"; };
		A346C64129064A3300339D2F /* EquilateralTiling.hpp */ = {isa = PBXFileReference; lastKnownFileType = sourcecode.cpp.h; path = EquilateralTiling.hpp; sourceTree = "<group>"; };
		A346C64629088AA100339D2F /* Isosurface.cpp */ = {isa = PBXFileReference; lastKnownFileType = sourcecode.cpp.cpp; path = Isosurface.cpp; sourceTree = "<group>"; };
		A346C64729088AA100339D2F /* Isosurface.hpp */ = {isa = PBXFileReference; lastKnownFileType = sourcecode.cpp.h; path = Isosurface.hpp; sourceTree = "<group>"; };
		A346C64929088D0300339D2F /* CircleIsosurface.cpp */ = {isa = PBXFileReference; lastKnownFileType = sourcecode.cpp.cpp; path = CircleIsosurface.cpp; sourceTree = "<group>"; };
		A346C64A29088D0300339D2F /* CircleIsosurface.hpp */ = {isa = PBXFileReference; lastKnownFileType = sourcecode.cpp.h; path = CircleIsosurface.hpp; sourceTree = "<group>"; };
		A346C64C2908BC6800339D2F /* Algorithm.cpp */ = {isa = PBXFileReference; lastKnownFileType = sourcecode.cpp.cpp; path = Algorithm.cpp; sourceTree = "<group>"; };
		A346C64D2908BC6800339D2F /* Algorithm.hpp */ = {isa = PBXFileReference; lastKnownFileType = sourcecode.cpp.h; path = Algorithm.hpp; sourceTree = "<group>"; };
/* End PBXFileReference section */

/* Begin PBXFrameworksBuildPhase section */
		A3320E29290508440078823D /* Frameworks */ = {
			isa = PBXFrameworksBuildPhase;
			buildActionMask = 2147483647;
			files = (
				A3320E3C29050B220078823D /* libglfw.3.3.dylib in Frameworks */,
				A3320E3A29050AE00078823D /* libGLEW.2.2.0.dylib in Frameworks */,
				A3320E382905096C0078823D /* OpenGL.framework in Frameworks */,
			);
			runOnlyForDeploymentPostprocessing = 0;
		};
/* End PBXFrameworksBuildPhase section */

/* Begin PBXGroup section */
		A3320E23290508440078823D = {
			isa = PBXGroup;
			children = (
				A3320E2E290508440078823D /* isosurface_stuffing */,
				A3320E2D290508440078823D /* Products */,
				A3320E362905096C0078823D /* Frameworks */,
			);
			sourceTree = "<group>";
		};
		A3320E2D290508440078823D /* Products */ = {
			isa = PBXGroup;
			children = (
				A3320E2C290508440078823D /* isosurface_stuffing */,
			);
			name = Products;
			sourceTree = "<group>";
		};
		A3320E2E290508440078823D /* isosurface_stuffing */ = {
			isa = PBXGroup;
			children = (
				A3320E2F290508440078823D /* main.cpp */,
				A346C6312906235D00339D2F /* Canvas.cpp */,
				A346C63429063EE600339D2F /* Point.cpp */,
				A346C64029064A3300339D2F /* EquilateralTiling.cpp */,
				A346C64129064A3300339D2F /* EquilateralTiling.hpp */,
				A346C63D2906483400339D2F /* Tiling.cpp */,
				A346C63E2906483400339D2F /* Tiling.hpp */,
				A346C64C2908BC6800339D2F /* Algorithm.cpp */,
				A346C64D2908BC6800339D2F /* Algorithm.hpp */,
				A346C64929088D0300339D2F /* CircleIsosurface.cpp */,
				A346C64A29088D0300339D2F /* CircleIsosurface.hpp */,
				A346C63A2906432B00339D2F /* Cutpoint.cpp */,
				A346C63B2906432B00339D2F /* Cutpoint.hpp */,
				A346C637290640E500339D2F /* Triangle.cpp */,
				A346C638290640E500339D2F /* Triangle.hpp */,
				A346C63529063EE600339D2F /* Point.hpp */,
				A346C6322906235D00339D2F /* Canvas.hpp */,
				A346C64629088AA100339D2F /* Isosurface.cpp */,
				A346C64729088AA100339D2F /* Isosurface.hpp */,
			);
			path = isosurface_stuffing;
			sourceTree = "<group>";
		};
		A3320E362905096C0078823D /* Frameworks */ = {
			isa = PBXGroup;
			children = (
				A3320E3B29050B220078823D /* libglfw.3.3.dylib */,
				A3320E3929050AE00078823D /* libGLEW.2.2.0.dylib */,
				A3320E372905096C0078823D /* OpenGL.framework */,
			);
			name = Frameworks;
			sourceTree = "<group>";
		};
/* End PBXGroup section */

/* Begin PBXNativeTarget section */
		A3320E2B290508440078823D /* isosurface_stuffing */ = {
			isa = PBXNativeTarget;
			buildConfigurationList = A3320E33290508440078823D /* Build configuration list for PBXNativeTarget "isosurface_stuffing" */;
			buildPhases = (
				A3320E28290508440078823D /* Sources */,
				A3320E29290508440078823D /* Frameworks */,
				A3320E2A290508440078823D /* CopyFiles */,
			);
			buildRules = (
			);
			dependencies = (
			);
			name = isosurface_stuffing;
			productName = isosurface_stuffing;
			productReference = A3320E2C290508440078823D /* isosurface_stuffing */;
			productType = "com.apple.product-type.tool";
		};
/* End PBXNativeTarget section */

/* Begin PBXProject section */
		A3320E24290508440078823D /* Project object */ = {
			isa = PBXProject;
			attributes = {
				BuildIndependentTargetsInParallel = 1;
				LastUpgradeCheck = 1340;
				TargetAttributes = {
					A3320E2B290508440078823D = {
						CreatedOnToolsVersion = 13.4.1;
					};
				};
			};
			buildConfigurationList = A3320E27290508440078823D /* Build configuration list for PBXProject "isosurface_stuffing" */;
			compatibilityVersion = "Xcode 13.0";
			developmentRegion = en;
			hasScannedForEncodings = 0;
			knownRegions = (
				en,
				Base,
			);
			mainGroup = A3320E23290508440078823D;
			productRefGroup = A3320E2D290508440078823D /* Products */;
			projectDirPath = "";
			projectRoot = "";
			targets = (
				A3320E2B290508440078823D /* isosurface_stuffing */,
			);
		};
/* End PBXProject section */

/* Begin PBXSourcesBuildPhase section */
		A3320E28290508440078823D /* Sources */ = {
			isa = PBXSourcesBuildPhase;
			buildActionMask = 2147483647;
			files = (
				A346C64B29088D0300339D2F /* CircleIsosurface.cpp in Sources */,
				A346C63629063EE600339D2F /* Point.cpp in Sources */,
				A3320E30290508440078823D /* main.cpp in Sources */,
				A346C63F2906483400339D2F /* Tiling.cpp in Sources */,
				A346C64829088AA100339D2F /* Isosurface.cpp in Sources */,
				A346C64E2908BC6800339D2F /* Algorithm.cpp in Sources */,
				A346C6332906235D00339D2F /* Canvas.cpp in Sources */,
				A346C64229064A3300339D2F /* EquilateralTiling.cpp in Sources */,
				A346C639290640E500339D2F /* Triangle.cpp in Sources */,
				A346C63C2906432B00339D2F /* Cutpoint.cpp in Sources */,
			);
			runOnlyForDeploymentPostprocessing = 0;
		};
/* End PBXSourcesBuildPhase section */

/* Begin XCBuildConfiguration section */
		A3320E31290508440078823D /* Debug */ = {
			isa = XCBuildConfiguration;
			buildSettings = {
				ALWAYS_SEARCH_USER_PATHS = NO;
				CLANG_ANALYZER_NONNULL = YES;
				CLANG_ANALYZER_NUMBER_OBJECT_CONVERSION = YES_AGGRESSIVE;
				CLANG_CXX_LANGUAGE_STANDARD = "gnu++17";
				CLANG_ENABLE_MODULES = YES;
				CLANG_ENABLE_OBJC_ARC = YES;
				CLANG_ENABLE_OBJC_WEAK = YES;
				CLANG_WARN_BLOCK_CAPTURE_AUTORELEASING = YES;
				CLANG_WARN_BOOL_CONVERSION = YES;
				CLANG_WARN_COMMA = YES;
				CLANG_WARN_CONSTANT_CONVERSION = YES;
				CLANG_WARN_DEPRECATED_OBJC_IMPLEMENTATIONS = YES;
				CLANG_WARN_DIRECT_OBJC_ISA_USAGE = YES_ERROR;
				CLANG_WARN_DOCUMENTATION_COMMENTS = YES;
				CLANG_WARN_EMPTY_BODY = YES;
				CLANG_WARN_ENUM_CONVERSION = YES;
				CLANG_WARN_INFINITE_RECURSION = YES;
				CLANG_WARN_INT_CONVERSION = YES;
				CLANG_WARN_NON_LITERAL_NULL_CONVERSION = YES;
				CLANG_WARN_OBJC_IMPLICIT_RETAIN_SELF = YES;
				CLANG_WARN_OBJC_LITERAL_CONVERSION = YES;
				CLANG_WARN_OBJC_ROOT_CLASS = YES_ERROR;
				CLANG_WARN_QUOTED_INCLUDE_IN_FRAMEWORK_HEADER = YES;
				CLANG_WARN_RANGE_LOOP_ANALYSIS = YES;
				CLANG_WARN_STRICT_PROTOTYPES = YES;
				CLANG_WARN_SUSPICIOUS_MOVE = YES;
				CLANG_WARN_UNGUARDED_AVAILABILITY = YES_AGGRESSIVE;
				CLANG_WARN_UNREACHABLE_CODE = YES;
				CLANG_WARN__DUPLICATE_METHOD_MATCH = YES;
				COPY_PHASE_STRIP = NO;
				DEBUG_INFORMATION_FORMAT = dwarf;
				ENABLE_STRICT_OBJC_MSGSEND = YES;
				ENABLE_TESTABILITY = YES;
				GCC_C_LANGUAGE_STANDARD = gnu11;
				GCC_DYNAMIC_NO_PIC = NO;
				GCC_NO_COMMON_BLOCKS = YES;
				GCC_OPTIMIZATION_LEVEL = 0;
				GCC_PREPROCESSOR_DEFINITIONS = (
					"DEBUG=1",
					"$(inherited)",
				);
				GCC_WARN_64_TO_32_BIT_CONVERSION = YES;
				GCC_WARN_ABOUT_RETURN_TYPE = YES_ERROR;
				GCC_WARN_UNDECLARED_SELECTOR = YES;
				GCC_WARN_UNINITIALIZED_AUTOS = YES_AGGRESSIVE;
				GCC_WARN_UNUSED_FUNCTION = YES;
				GCC_WARN_UNUSED_VARIABLE = YES;
				"HEADER_SEARCH_PATHS[arch=*]" = /usr/local/include;
				MACOSX_DEPLOYMENT_TARGET = 12.2;
				MTL_ENABLE_DEBUG_INFO = INCLUDE_SOURCE;
				MTL_FAST_MATH = YES;
				ONLY_ACTIVE_ARCH = YES;
				SDKROOT = macosx;
			};
			name = Debug;
		};
		A3320E32290508440078823D /* Release */ = {
			isa = XCBuildConfiguration;
			buildSettings = {
				ALWAYS_SEARCH_USER_PATHS = NO;
				CLANG_ANALYZER_NONNULL = YES;
				CLANG_ANALYZER_NUMBER_OBJECT_CONVERSION = YES_AGGRESSIVE;
				CLANG_CXX_LANGUAGE_STANDARD = "gnu++17";
				CLANG_ENABLE_MODULES = YES;
				CLANG_ENABLE_OBJC_ARC = YES;
				CLANG_ENABLE_OBJC_WEAK = YES;
				CLANG_WARN_BLOCK_CAPTURE_AUTORELEASING = YES;
				CLANG_WARN_BOOL_CONVERSION = YES;
				CLANG_WARN_COMMA = YES;
				CLANG_WARN_CONSTANT_CONVERSION = YES;
				CLANG_WARN_DEPRECATED_OBJC_IMPLEMENTATIONS = YES;
				CLANG_WARN_DIRECT_OBJC_ISA_USAGE = YES_ERROR;
				CLANG_WARN_DOCUMENTATION_COMMENTS = YES;
				CLANG_WARN_EMPTY_BODY = YES;
				CLANG_WARN_ENUM_CONVERSION = YES;
				CLANG_WARN_INFINITE_RECURSION = YES;
				CLANG_WARN_INT_CONVERSION = YES;
				CLANG_WARN_NON_LITERAL_NULL_CONVERSION = YES;
				CLANG_WARN_OBJC_IMPLICIT_RETAIN_SELF = YES;
				CLANG_WARN_OBJC_LITERAL_CONVERSION = YES;
				CLANG_WARN_OBJC_ROOT_CLASS = YES_ERROR;
				CLANG_WARN_QUOTED_INCLUDE_IN_FRAMEWORK_HEADER = YES;
				CLANG_WARN_RANGE_LOOP_ANALYSIS = YES;
				CLANG_WARN_STRICT_PROTOTYPES = YES;
				CLANG_WARN_SUSPICIOUS_MOVE = YES;
				CLANG_WARN_UNGUARDED_AVAILABILITY = YES_AGGRESSIVE;
				CLANG_WARN_UNREACHABLE_CODE = YES;
				CLANG_WARN__DUPLICATE_METHOD_MATCH = YES;
				COPY_PHASE_STRIP = NO;
				DEBUG_INFORMATION_FORMAT = "dwarf-with-dsym";
				ENABLE_NS_ASSERTIONS = NO;
				ENABLE_STRICT_OBJC_MSGSEND = YES;
				GCC_C_LANGUAGE_STANDARD = gnu11;
				GCC_NO_COMMON_BLOCKS = YES;
				GCC_WARN_64_TO_32_BIT_CONVERSION = YES;
				GCC_WARN_ABOUT_RETURN_TYPE = YES_ERROR;
				GCC_WARN_UNDECLARED_SELECTOR = YES;
				GCC_WARN_UNINITIALIZED_AUTOS = YES_AGGRESSIVE;
				GCC_WARN_UNUSED_FUNCTION = YES;
				GCC_WARN_UNUSED_VARIABLE = YES;
				MACOSX_DEPLOYMENT_TARGET = 12.2;
				MTL_ENABLE_DEBUG_INFO = NO;
				MTL_FAST_MATH = YES;
				SDKROOT = macosx;
			};
			name = Release;
		};
		A3320E34290508440078823D /* Debug */ = {
			isa = XCBuildConfiguration;
			buildSettings = {
				CODE_SIGN_STYLE = Automatic;
				GCC_NO_COMMON_BLOCKS = YES;
				"HEADER_SEARCH_PATHS[arch=*]" = (
					/opt/homebrew/Cellar/glfw/3.3.8/include,
					/opt/homebrew/Cellar/glew/2.2.0_1/include,
				);
				LIBRARY_SEARCH_PATHS = (
					"$(inherited)",
					/opt/homebrew/Cellar/glew/2.2.0_1/lib,
					/opt/homebrew/Cellar/glfw/3.3.8/lib,
				);
				PRODUCT_NAME = "$(TARGET_NAME)";
			};
			name = Debug;
		};
		A3320E35290508440078823D /* Release */ = {
			isa = XCBuildConfiguration;
			buildSettings = {
				CODE_SIGN_STYLE = Automatic;
				GCC_NO_COMMON_BLOCKS = YES;
				LIBRARY_SEARCH_PATHS = (
					"$(inherited)",
					/opt/homebrew/Cellar/glew/2.2.0_1/lib,
					/opt/homebrew/Cellar/glfw/3.3.8/lib,
				);
				PRODUCT_NAME = "$(TARGET_NAME)";
			};
			name = Release;
		};
/* End XCBuildConfiguration section */

/* Begin XCConfigurationList section */
		A3320E27290508440078823D /* Build configuration list for PBXProject "isosurface_stuffing" */ = {
			isa = XCConfigurationList;
			buildConfigurations = (
				A3320E31290508440078823D /* Debug */,
				A3320E32290508440078823D /* Release */,
			);
			defaultConfigurationIsVisible = 0;
			defaultConfigurationName = Release;
		};
		A3320E33290508440078823D /* Build configuration list for PBXNativeTarget "isosurface_stuffing" */ = {
			isa = XCConfigurationList;
			buildConfigurations = (
				A3320E34290508440078823D /* Debug */,
				A3320E35290508440078823D /* Release */,
			);
			defaultConfigurationIsVisible = 0;
			defaultConfigurationName = Release;
		};
/* End XCConfigurationList section */
	};
	rootObject = A3320E24290508440078823D /* Project object */;
}
